
Microsoft Visual Studio Solution File, Format Version 12.00
# Visual Studio Version 17
VisualStudioVersion = 17.2.32616.157
MinimumVisualStudioVersion = 10.0.40219.1
Project("{FAE04EC0-301F-11D3-BF4B-00C04F79EFBC}") = "SampleLib", "SampleLib\SampleLib.csproj", "{BC793B46-3A2D-4BCA-958F-BA8D5652A356}"
EndProject
Global
	GlobalSection(SolutionConfigurationPlatforms) = preSolution
		Debug|Any CPU = Debug|Any CPU
		Release|Any CPU = Release|Any CPU
	EndGlobalSection
	GlobalSection(ProjectConfigurationPlatforms) = postSolution
		{BC793B46-3A2D-4BCA-958F-BA8D5652A356}.Debug|Any CPU.ActiveCfg = Debug|Any CPU
		{BC793B46-3A2D-4BCA-958F-BA8D5652A356}.Debug|Any CPU.Build.0 = Debug|Any CPU
		{BC793B46-3A2D-4BCA-958F-BA8D5652A356}.Release|Any CPU.ActiveCfg = Release|Any CPU
		{BC793B46-3A2D-4BCA-958F-BA8D5652A356}.Release|Any CPU.Build.0 = Release|Any CPU
	EndGlobalSection
	GlobalSection(SolutionProperties) = preSolution
		HideSolutionNode = FALSE
	EndGlobalSection
	GlobalSection(ExtensibilityGlobals) = postSolution
		SolutionGuid = {80E6B67D-19B0-49D4-B167-544AAA88C3DA}
	EndGlobalSection
EndGlobal
